
Microsoft Visual Studio Solution File, Format Version 12.00
# Visual Studio Version 17
VisualStudioVersion = 17.14.36414.22 d17.14
MinimumVisualStudioVersion = 10.0.40219.1
Project("{FAE04EC0-301F-11D3-BF4B-00C04F79EFBC}") = "Software1-C", "Software1-C\Software1-C.csproj", "{52675D35-F5DF-4CCF-8302-561AC77D785B}"
EndProject
Global
	GlobalSection(SolutionConfigurationPlatforms) = preSolution
		Debug|Any CPU = Debug|Any CPU
		Release|Any CPU = Release|Any CPU
	EndGlobalSection
	GlobalSection(ProjectConfigurationPlatforms) = postSolution
		{52675D35-F5DF-4CCF-8302-561AC77D785B}.Debug|Any CPU.ActiveCfg = Debug|Any CPU
		{52675D35-F5DF-4CCF-8302-561AC77D785B}.Debug|Any CPU.Build.0 = Debug|Any CPU
		{52675D35-F5DF-4CCF-8302-561AC77D785B}.Release|Any CPU.ActiveCfg = Release|Any CPU
		{52675D35-F5DF-4CCF-8302-561AC77D785B}.Release|Any CPU.Build.0 = Release|Any CPU
	EndGlobalSection
	GlobalSection(SolutionProperties) = preSolution
		HideSolutionNode = FALSE
	EndGlobalSection
	GlobalSection(ExtensibilityGlobals) = postSolution
		SolutionGuid = {227BF652-185B-44A6-B0E6-799CD5EE26D9}
	EndGlobalSection
EndGlobal
